
Microsoft Visual Studio Solution File, Format Version 12.00
# Visual Studio Version 16
VisualStudioVersion = 16.0.29613.14
MinimumVisualStudioVersion = 10.0.40219.1
Project("{FAE04EC0-301F-11D3-BF4B-00C04F79EFBC}") = "Ultrabalaton", "Ultrabalaton\Ultrabalaton.csproj", "{D31CD15F-77C5-4DF7-ABA2-D4065E5D48CB}"
EndProject
Global
	GlobalSection(SolutionConfigurationPlatforms) = preSolution
		Debug|Any CPU = Debug|Any CPU
		Release|Any CPU = Release|Any CPU
	EndGlobalSection
	GlobalSection(ProjectConfigurationPlatforms) = postSolution
		{D31CD15F-77C5-4DF7-ABA2-D4065E5D48CB}.Debug|Any CPU.ActiveCfg = Debug|Any CPU
		{D31CD15F-77C5-4DF7-ABA2-D4065E5D48CB}.Debug|Any CPU.Build.0 = Debug|Any CPU
		{D31CD15F-77C5-4DF7-ABA2-D4065E5D48CB}.Release|Any CPU.ActiveCfg = Release|Any CPU
		{D31CD15F-77C5-4DF7-ABA2-D4065E5D48CB}.Release|Any CPU.Build.0 = Release|Any CPU
	EndGlobalSection
	GlobalSection(SolutionProperties) = preSolution
		HideSolutionNode = FALSE
	EndGlobalSection
	GlobalSection(ExtensibilityGlobals) = postSolution
		SolutionGuid = {FF6FA40D-1ADD-4354-AEB1-2872B6367942}
	EndGlobalSection
EndGlobal
