
Microsoft Visual Studio Solution File, Format Version 12.00
# Visual Studio Version 16
VisualStudioVersion = 16.0.29613.14
MinimumVisualStudioVersion = 10.0.40219.1
Project("{FAE04EC0-301F-11D3-BF4B-00C04F79EFBC}") = "sajat", "sajat\sajat.csproj", "{99409A29-C0A2-4955-A08C-268E338BAB4A}"
EndProject
Global
	GlobalSection(SolutionConfigurationPlatforms) = preSolution
		Debug|Any CPU = Debug|Any CPU
		Release|Any CPU = Release|Any CPU
	EndGlobalSection
	GlobalSection(ProjectConfigurationPlatforms) = postSolution
		{99409A29-C0A2-4955-A08C-268E338BAB4A}.Debug|Any CPU.ActiveCfg = Debug|Any CPU
		{99409A29-C0A2-4955-A08C-268E338BAB4A}.Debug|Any CPU.Build.0 = Debug|Any CPU
		{99409A29-C0A2-4955-A08C-268E338BAB4A}.Release|Any CPU.ActiveCfg = Release|Any CPU
		{99409A29-C0A2-4955-A08C-268E338BAB4A}.Release|Any CPU.Build.0 = Release|Any CPU
	EndGlobalSection
	GlobalSection(SolutionProperties) = preSolution
		HideSolutionNode = FALSE
	EndGlobalSection
	GlobalSection(ExtensibilityGlobals) = postSolution
		SolutionGuid = {504B04D7-020B-46AF-9C29-ED8BD9E8C17F}
	EndGlobalSection
EndGlobal
