
Microsoft Visual Studio Solution File, Format Version 12.00
# Visual Studio Version 16
VisualStudioVersion = 16.0.29613.14
MinimumVisualStudioVersion = 10.0.40219.1
Project("{FAE04EC0-301F-11D3-BF4B-00C04F79EFBC}") = "Gyakorlo_bevezeto_feladatok", "Gyakorlo_bevezeto_feladatok\Gyakorlo_bevezeto_feladatok.csproj", "{B6F9D3BC-2170-4435-A198-12347E0F5EBB}"
EndProject
Global
	GlobalSection(SolutionConfigurationPlatforms) = preSolution
		Debug|Any CPU = Debug|Any CPU
		Release|Any CPU = Release|Any CPU
	EndGlobalSection
	GlobalSection(ProjectConfigurationPlatforms) = postSolution
		{B6F9D3BC-2170-4435-A198-12347E0F5EBB}.Debug|Any CPU.ActiveCfg = Debug|Any CPU
		{B6F9D3BC-2170-4435-A198-12347E0F5EBB}.Debug|Any CPU.Build.0 = Debug|Any CPU
		{B6F9D3BC-2170-4435-A198-12347E0F5EBB}.Release|Any CPU.ActiveCfg = Release|Any CPU
		{B6F9D3BC-2170-4435-A198-12347E0F5EBB}.Release|Any CPU.Build.0 = Release|Any CPU
	EndGlobalSection
	GlobalSection(SolutionProperties) = preSolution
		HideSolutionNode = FALSE
	EndGlobalSection
	GlobalSection(ExtensibilityGlobals) = postSolution
		SolutionGuid = {EDBEFFAD-4F48-423E-B44F-156EFEBDFFC6}
	EndGlobalSection
EndGlobal
