
Microsoft Visual Studio Solution File, Format Version 12.00
# Visual Studio Version 16
VisualStudioVersion = 16.0.29613.14
MinimumVisualStudioVersion = 10.0.40219.1
Project("{FAE04EC0-301F-11D3-BF4B-00C04F79EFBC}") = "Ugralo_form", "Ugralo_form\Ugralo_form.csproj", "{20008042-A266-4999-9530-35C70B2E90B2}"
EndProject
Global
	GlobalSection(SolutionConfigurationPlatforms) = preSolution
		Debug|Any CPU = Debug|Any CPU
		Release|Any CPU = Release|Any CPU
	EndGlobalSection
	GlobalSection(ProjectConfigurationPlatforms) = postSolution
		{20008042-A266-4999-9530-35C70B2E90B2}.Debug|Any CPU.ActiveCfg = Debug|Any CPU
		{20008042-A266-4999-9530-35C70B2E90B2}.Debug|Any CPU.Build.0 = Debug|Any CPU
		{20008042-A266-4999-9530-35C70B2E90B2}.Release|Any CPU.ActiveCfg = Release|Any CPU
		{20008042-A266-4999-9530-35C70B2E90B2}.Release|Any CPU.Build.0 = Release|Any CPU
	EndGlobalSection
	GlobalSection(SolutionProperties) = preSolution
		HideSolutionNode = FALSE
	EndGlobalSection
	GlobalSection(ExtensibilityGlobals) = postSolution
		SolutionGuid = {52BB0B02-B3DA-4DF6-A750-B407C7B4E586}
	EndGlobalSection
EndGlobal
